// !$*UTF8*$!
{
	archiveVersion = 1;
	classes = {
	};
	objectVersion = 51;
	objects = {

/* Begin PBXBuildFile section */
		0A72B74A65A8080A5FE019D6 /* Pods_grid_gridUITests.framework in Frameworks */ = {isa = PBXBuildFile; fileRef = 2D3B25599D134175B1B8E76F /* Pods_grid_gridUITests.framework */; };
		36C9202543779D3AC06955FC /* Pods_gridTests.framework in Frameworks */ = {isa = PBXBuildFile; fileRef = 6C51529EC6EBB034E688B418 /* Pods_gridTests.framework */; };
		64A930B1EA271C920CABDE66 /* Pods_grid.framework in Frameworks */ = {isa = PBXBuildFile; fileRef = 9440EBD9EC862521CCE4C011 /* Pods_grid.framework */; };
		FA0032AA25E2D33D00C99247 /* GeoSiteAnnotation.swift in Sources */ = {isa = PBXBuildFile; fileRef = FA0032A925E2D33D00C99247 /* GeoSiteAnnotation.swift */; };
		FA0032AF25E300ED00C99247 /* AddPathViewController.swift in Sources */ = {isa = PBXBuildFile; fileRef = FA0032AE25E300ED00C99247 /* AddPathViewController.swift */; };
		FA0032B425E3010600C99247 /* ListPathsViewController.swift in Sources */ = {isa = PBXBuildFile; fileRef = FA0032B325E3010600C99247 /* ListPathsViewController.swift */; };
		FA0032D125E3387A00C99247 /* Path.swift in Sources */ = {isa = PBXBuildFile; fileRef = FA0032D025E3387A00C99247 /* Path.swift */; };
		FA0032D625E3471E00C99247 /* PathCell.swift in Sources */ = {isa = PBXBuildFile; fileRef = FA0032D525E3471E00C99247 /* PathCell.swift */; };
		FA10ECEE25BD1A8200161290 /* LoginViewController.swift in Sources */ = {isa = PBXBuildFile; fileRef = FA10ECED25BD1A8200161290 /* LoginViewController.swift */; };
		FA10ECF725BD214200161290 /* User.swift in Sources */ = {isa = PBXBuildFile; fileRef = FA10ECF625BD214200161290 /* User.swift */; };
		FA2EBECF25BD0F47006EF41C /* GeoSiteViewController.swift in Sources */ = {isa = PBXBuildFile; fileRef = FA2EBECE25BD0F47006EF41C /* GeoSiteViewController.swift */; };
		FA2EBEEF25BD113E006EF41C /* Utilities.swift in Sources */ = {isa = PBXBuildFile; fileRef = FA2EBEEE25BD113E006EF41C /* Utilities.swift */; };
		FA319E4625BCD3BF00D943E1 /* GoogleService-Info.plist in Resources */ = {isa = PBXBuildFile; fileRef = FA319E4525BCD3BF00D943E1 /* GoogleService-Info.plist */; };
		FA97062625CF7BF3008DBC72 /* AddGeoSiteViewController.swift in Sources */ = {isa = PBXBuildFile; fileRef = FA97062525CF7BF3008DBC72 /* AddGeoSiteViewController.swift */; };
		FA97062B25CF9440008DBC72 /* GeoSite.swift in Sources */ = {isa = PBXBuildFile; fileRef = FA97062A25CF9440008DBC72 /* GeoSite.swift */; };
		FABB115925AAC6050087C794 /* Main.storyboard in Resources */ = {isa = PBXBuildFile; fileRef = FABB115725AAC6050087C794 /* Main.storyboard */; };
		FABB116025AAC62F0087C794 /* SnapshotAnchor.swift in Sources */ = {isa = PBXBuildFile; fileRef = FABB115D25AAC62F0087C794 /* SnapshotAnchor.swift */; };
		FABB116125AAC62F0087C794 /* RoundedButton.swift in Sources */ = {isa = PBXBuildFile; fileRef = FABB115E25AAC62F0087C794 /* RoundedButton.swift */; };
		FABB116225AAC62F0087C794 /* ARUtilities.swift in Sources */ = {isa = PBXBuildFile; fileRef = FABB115F25AAC62F0087C794 /* ARUtilities.swift */; };
		FABB116A25AAC6EF0087C794 /* ARPathCreatorViewController.swift in Sources */ = {isa = PBXBuildFile; fileRef = FABB115625AAC6050087C794 /* ARPathCreatorViewController.swift */; };
		FABB117225AAC7710087C794 /* Assets.scnassets in Resources */ = {isa = PBXBuildFile; fileRef = FABB117125AAC7710087C794 /* Assets.scnassets */; };
		FAF80BCA25A170480098463A /* AppDelegate.swift in Sources */ = {isa = PBXBuildFile; fileRef = FAF80BC925A170480098463A /* AppDelegate.swift */; };
		FAF80BD325A1704B0098463A /* Assets.xcassets in Resources */ = {isa = PBXBuildFile; fileRef = FAF80BD225A1704B0098463A /* Assets.xcassets */; };
		FAF80BD625A1704B0098463A /* LaunchScreen.storyboard in Resources */ = {isa = PBXBuildFile; fileRef = FAF80BD425A1704B0098463A /* LaunchScreen.storyboard */; };
		FAF80BE125A1704B0098463A /* gridTests.swift in Sources */ = {isa = PBXBuildFile; fileRef = FAF80BE025A1704B0098463A /* gridTests.swift */; };
		FAF80BEC25A1704C0098463A /* gridUITests.swift in Sources */ = {isa = PBXBuildFile; fileRef = FAF80BEB25A1704C0098463A /* gridUITests.swift */; };
/* End PBXBuildFile section */

/* Begin PBXContainerItemProxy section */
		FAF80BDD25A1704B0098463A /* PBXContainerItemProxy */ = {
			isa = PBXContainerItemProxy;
			containerPortal = FAF80BBE25A170480098463A /* Project object */;
			proxyType = 1;
			remoteGlobalIDString = FAF80BC525A170480098463A;
			remoteInfo = grid;
		};
		FAF80BE825A1704C0098463A /* PBXContainerItemProxy */ = {
			isa = PBXContainerItemProxy;
			containerPortal = FAF80BBE25A170480098463A /* Project object */;
			proxyType = 1;
			remoteGlobalIDString = FAF80BC525A170480098463A;
			remoteInfo = grid;
		};
/* End PBXContainerItemProxy section */

/* Begin PBXFileReference section */
		0F27418C98595B82AAEEB50D /* Pods-gridTests.debug.xcconfig */ = {isa = PBXFileReference; includeInIndex = 1; lastKnownFileType = text.xcconfig; name = "Pods-gridTests.debug.xcconfig"; path = "Target Support Files/Pods-gridTests/Pods-gridTests.debug.xcconfig"; sourceTree = "<group>"; };
		2036A7C8696F0EB95449F498 /* Pods-grid.release.xcconfig */ = {isa = PBXFileReference; includeInIndex = 1; lastKnownFileType = text.xcconfig; name = "Pods-grid.release.xcconfig"; path = "Target Support Files/Pods-grid/Pods-grid.release.xcconfig"; sourceTree = "<group>"; };
		2D3B25599D134175B1B8E76F /* Pods_grid_gridUITests.framework */ = {isa = PBXFileReference; explicitFileType = wrapper.framework; includeInIndex = 0; path = Pods_grid_gridUITests.framework; sourceTree = BUILT_PRODUCTS_DIR; };
		34DCA519BDCAB0ECEB8CBE96 /* Pods-grid-gridUITests.release.xcconfig */ = {isa = PBXFileReference; includeInIndex = 1; lastKnownFileType = text.xcconfig; name = "Pods-grid-gridUITests.release.xcconfig"; path = "Target Support Files/Pods-grid-gridUITests/Pods-grid-gridUITests.release.xcconfig"; sourceTree = "<group>"; };
		6C51529EC6EBB034E688B418 /* Pods_gridTests.framework */ = {isa = PBXFileReference; explicitFileType = wrapper.framework; includeInIndex = 0; path = Pods_gridTests.framework; sourceTree = BUILT_PRODUCTS_DIR; };
		9440EBD9EC862521CCE4C011 /* Pods_grid.framework */ = {isa = PBXFileReference; explicitFileType = wrapper.framework; includeInIndex = 0; path = Pods_grid.framework; sourceTree = BUILT_PRODUCTS_DIR; };
		ABFCC5D7BD65764BBCE06EF2 /* Pods-gridTests.release.xcconfig */ = {isa = PBXFileReference; includeInIndex = 1; lastKnownFileType = text.xcconfig; name = "Pods-gridTests.release.xcconfig"; path = "Target Support Files/Pods-gridTests/Pods-gridTests.release.xcconfig"; sourceTree = "<group>"; };
		E82D4B4EE2D9D4B2DE8085FF /* Pods-grid.debug.xcconfig */ = {isa = PBXFileReference; includeInIndex = 1; lastKnownFileType = text.xcconfig; name = "Pods-grid.debug.xcconfig"; path = "Target Support Files/Pods-grid/Pods-grid.debug.xcconfig"; sourceTree = "<group>"; };
		F764D680C9BCCCDA56C11D62 /* Pods-grid-gridUITests.debug.xcconfig */ = {isa = PBXFileReference; includeInIndex = 1; lastKnownFileType = text.xcconfig; name = "Pods-grid-gridUITests.debug.xcconfig"; path = "Target Support Files/Pods-grid-gridUITests/Pods-grid-gridUITests.debug.xcconfig"; sourceTree = "<group>"; };
		FA0032A925E2D33D00C99247 /* GeoSiteAnnotation.swift */ = {isa = PBXFileReference; lastKnownFileType = sourcecode.swift; path = GeoSiteAnnotation.swift; sourceTree = "<group>"; };
		FA0032AE25E300ED00C99247 /* AddPathViewController.swift */ = {isa = PBXFileReference; lastKnownFileType = sourcecode.swift; path = AddPathViewController.swift; sourceTree = "<group>"; };
		FA0032B325E3010600C99247 /* ListPathsViewController.swift */ = {isa = PBXFileReference; lastKnownFileType = sourcecode.swift; path = ListPathsViewController.swift; sourceTree = "<group>"; };
		FA0032D025E3387A00C99247 /* Path.swift */ = {isa = PBXFileReference; lastKnownFileType = sourcecode.swift; path = Path.swift; sourceTree = "<group>"; };
		FA0032D525E3471E00C99247 /* PathCell.swift */ = {isa = PBXFileReference; lastKnownFileType = sourcecode.swift; path = PathCell.swift; sourceTree = "<group>"; };
		FA10ECED25BD1A8200161290 /* LoginViewController.swift */ = {isa = PBXFileReference; lastKnownFileType = sourcecode.swift; path = LoginViewController.swift; sourceTree = "<group>"; };
		FA10ECF625BD214200161290 /* User.swift */ = {isa = PBXFileReference; lastKnownFileType = sourcecode.swift; path = User.swift; sourceTree = "<group>"; };
		FA10ED0F25BD22C400161290 /* grid.entitlements */ = {isa = PBXFileReference; lastKnownFileType = text.plist.entitlements; path = grid.entitlements; sourceTree = "<group>"; };
		FA2EBECE25BD0F47006EF41C /* GeoSiteViewController.swift */ = {isa = PBXFileReference; lastKnownFileType = sourcecode.swift; path = GeoSiteViewController.swift; sourceTree = "<group>"; };
		FA2EBEEE25BD113E006EF41C /* Utilities.swift */ = {isa = PBXFileReference; lastKnownFileType = sourcecode.swift; path = Utilities.swift; sourceTree = "<group>"; };
		FA319E4525BCD3BF00D943E1 /* GoogleService-Info.plist */ = {isa = PBXFileReference; fileEncoding = 4; lastKnownFileType = text.plist.xml; path = "GoogleService-Info.plist"; sourceTree = "<group>"; };
		FA97062525CF7BF3008DBC72 /* AddGeoSiteViewController.swift */ = {isa = PBXFileReference; lastKnownFileType = sourcecode.swift; path = AddGeoSiteViewController.swift; sourceTree = "<group>"; };
		FA97062A25CF9440008DBC72 /* GeoSite.swift */ = {isa = PBXFileReference; lastKnownFileType = sourcecode.swift; path = GeoSite.swift; sourceTree = "<group>"; };
		FABB115625AAC6050087C794 /* ARPathCreatorViewController.swift */ = {isa = PBXFileReference; fileEncoding = 4; lastKnownFileType = sourcecode.swift; path = ARPathCreatorViewController.swift; sourceTree = "<group>"; };
		FABB115725AAC6050087C794 /* Main.storyboard */ = {isa = PBXFileReference; fileEncoding = 4; lastKnownFileType = file.storyboard; path = Main.storyboard; sourceTree = "<group>"; };
		FABB115D25AAC62F0087C794 /* SnapshotAnchor.swift */ = {isa = PBXFileReference; fileEncoding = 4; lastKnownFileType = sourcecode.swift; path = SnapshotAnchor.swift; sourceTree = "<group>"; };
		FABB115E25AAC62F0087C794 /* RoundedButton.swift */ = {isa = PBXFileReference; fileEncoding = 4; lastKnownFileType = sourcecode.swift; path = RoundedButton.swift; sourceTree = "<group>"; };
		FABB115F25AAC62F0087C794 /* ARUtilities.swift */ = {isa = PBXFileReference; fileEncoding = 4; lastKnownFileType = sourcecode.swift; path = ARUtilities.swift; sourceTree = "<group>"; };
		FABB117125AAC7710087C794 /* Assets.scnassets */ = {isa = PBXFileReference; lastKnownFileType = wrapper.scnassets; path = Assets.scnassets; sourceTree = "<group>"; };
		FAF80BC625A170480098463A /* grid.app */ = {isa = PBXFileReference; explicitFileType = wrapper.application; includeInIndex = 0; path = grid.app; sourceTree = BUILT_PRODUCTS_DIR; };
		FAF80BC925A170480098463A /* AppDelegate.swift */ = {isa = PBXFileReference; lastKnownFileType = sourcecode.swift; path = AppDelegate.swift; sourceTree = "<group>"; };
		FAF80BD225A1704B0098463A /* Assets.xcassets */ = {isa = PBXFileReference; lastKnownFileType = folder.assetcatalog; path = Assets.xcassets; sourceTree = "<group>"; };
		FAF80BD525A1704B0098463A /* Base */ = {isa = PBXFileReference; lastKnownFileType = file.storyboard; name = Base; path = Base.lproj/LaunchScreen.storyboard; sourceTree = "<group>"; };
		FAF80BD725A1704B0098463A /* Info.plist */ = {isa = PBXFileReference; lastKnownFileType = text.plist.xml; path = Info.plist; sourceTree = "<group>"; };
		FAF80BDC25A1704B0098463A /* gridTests.xctest */ = {isa = PBXFileReference; explicitFileType = wrapper.cfbundle; includeInIndex = 0; path = gridTests.xctest; sourceTree = BUILT_PRODUCTS_DIR; };
		FAF80BE025A1704B0098463A /* gridTests.swift */ = {isa = PBXFileReference; lastKnownFileType = sourcecode.swift; path = gridTests.swift; sourceTree = "<group>"; };
		FAF80BE225A1704B0098463A /* Info.plist */ = {isa = PBXFileReference; lastKnownFileType = text.plist.xml; path = Info.plist; sourceTree = "<group>"; };
		FAF80BE725A1704C0098463A /* gridUITests.xctest */ = {isa = PBXFileReference; explicitFileType = wrapper.cfbundle; includeInIndex = 0; path = gridUITests.xctest; sourceTree = BUILT_PRODUCTS_DIR; };
		FAF80BEB25A1704C0098463A /* gridUITests.swift */ = {isa = PBXFileReference; lastKnownFileType = sourcecode.swift; path = gridUITests.swift; sourceTree = "<group>"; };
		FAF80BED25A1704C0098463A /* Info.plist */ = {isa = PBXFileReference; lastKnownFileType = text.plist.xml; path = Info.plist; sourceTree = "<group>"; };
/* End PBXFileReference section */

/* Begin PBXFrameworksBuildPhase section */
		FAF80BC325A170480098463A /* Frameworks */ = {
			isa = PBXFrameworksBuildPhase;
			buildActionMask = 2147483647;
			files = (
				64A930B1EA271C920CABDE66 /* Pods_grid.framework in Frameworks */,
			);
			runOnlyForDeploymentPostprocessing = 0;
		};
		FAF80BD925A1704B0098463A /* Frameworks */ = {
			isa = PBXFrameworksBuildPhase;
			buildActionMask = 2147483647;
			files = (
				36C9202543779D3AC06955FC /* Pods_gridTests.framework in Frameworks */,
			);
			runOnlyForDeploymentPostprocessing = 0;
		};
		FAF80BE425A1704C0098463A /* Frameworks */ = {
			isa = PBXFrameworksBuildPhase;
			buildActionMask = 2147483647;
			files = (
				0A72B74A65A8080A5FE019D6 /* Pods_grid_gridUITests.framework in Frameworks */,
			);
			runOnlyForDeploymentPostprocessing = 0;
		};
/* End PBXFrameworksBuildPhase section */

/* Begin PBXGroup section */
		6D1AD01AA1A96A41CEDFD2E4 /* Frameworks */ = {
			isa = PBXGroup;
			children = (
				9440EBD9EC862521CCE4C011 /* Pods_grid.framework */,
				2D3B25599D134175B1B8E76F /* Pods_grid_gridUITests.framework */,
				6C51529EC6EBB034E688B418 /* Pods_gridTests.framework */,
			);
			name = Frameworks;
			sourceTree = "<group>";
		};
		72BBE1241EDF02F1E50922CE /* Pods */ = {
			isa = PBXGroup;
			children = (
				E82D4B4EE2D9D4B2DE8085FF /* Pods-grid.debug.xcconfig */,
				2036A7C8696F0EB95449F498 /* Pods-grid.release.xcconfig */,
				F764D680C9BCCCDA56C11D62 /* Pods-grid-gridUITests.debug.xcconfig */,
				34DCA519BDCAB0ECEB8CBE96 /* Pods-grid-gridUITests.release.xcconfig */,
				0F27418C98595B82AAEEB50D /* Pods-gridTests.debug.xcconfig */,
				ABFCC5D7BD65764BBCE06EF2 /* Pods-gridTests.release.xcconfig */,
			);
			path = Pods;
			sourceTree = "<group>";
		};
		FA0032A525E2BF6B00C99247 /* Annotations */ = {
			isa = PBXGroup;
			children = (
				FA0032A925E2D33D00C99247 /* GeoSiteAnnotation.swift */,
			);
			path = Annotations;
			sourceTree = "<group>";
		};
		FA0032C325E3144900C99247 /* UIElements */ = {
			isa = PBXGroup;
			children = (
				FABB115E25AAC62F0087C794 /* RoundedButton.swift */,
				FA0032D525E3471E00C99247 /* PathCell.swift */,
			);
			path = UIElements;
			sourceTree = "<group>";
		};
		FA0032C425E3145E00C99247 /* AR */ = {
			isa = PBXGroup;
			children = (
				FABB115D25AAC62F0087C794 /* SnapshotAnchor.swift */,
			);
			path = AR;
			sourceTree = "<group>";
		};
		FA10ECF225BD212700161290 /* Models */ = {
			isa = PBXGroup;
			children = (
				FA10ECF625BD214200161290 /* User.swift */,
				FA97062A25CF9440008DBC72 /* GeoSite.swift */,
				FA0032D025E3387A00C99247 /* Path.swift */,
			);
			path = Models;
			sourceTree = "<group>";
		};
		FA2EBECD25BD0F33006EF41C /* Controllers */ = {
			isa = PBXGroup;
			children = (
				FABB115625AAC6050087C794 /* ARPathCreatorViewController.swift */,
				FA2EBECE25BD0F47006EF41C /* GeoSiteViewController.swift */,
				FA10ECED25BD1A8200161290 /* LoginViewController.swift */,
				FA97062525CF7BF3008DBC72 /* AddGeoSiteViewController.swift */,
				FA0032AE25E300ED00C99247 /* AddPathViewController.swift */,
				FA0032B325E3010600C99247 /* ListPathsViewController.swift */,
			);
			path = Controllers;
			sourceTree = "<group>";
		};
		FA2EBEED25BD1112006EF41C /* Utilities */ = {
			isa = PBXGroup;
			children = (
				FA2EBEEE25BD113E006EF41C /* Utilities.swift */,
				FABB115F25AAC62F0087C794 /* ARUtilities.swift */,
			);
			path = Utilities;
			sourceTree = "<group>";
		};
		FAF80BBD25A170480098463A = {
			isa = PBXGroup;
			children = (
				FAF80BC825A170480098463A /* grid */,
				FAF80BDF25A1704B0098463A /* gridTests */,
				FAF80BEA25A1704C0098463A /* gridUITests */,
				FAF80BC725A170480098463A /* Products */,
				72BBE1241EDF02F1E50922CE /* Pods */,
				6D1AD01AA1A96A41CEDFD2E4 /* Frameworks */,
			);
			sourceTree = "<group>";
		};
		FAF80BC725A170480098463A /* Products */ = {
			isa = PBXGroup;
			children = (
				FAF80BC625A170480098463A /* grid.app */,
				FAF80BDC25A1704B0098463A /* gridTests.xctest */,
				FAF80BE725A1704C0098463A /* gridUITests.xctest */,
			);
			name = Products;
			sourceTree = "<group>";
		};
		FAF80BC825A170480098463A /* grid */ = {
			isa = PBXGroup;
			children = (
				FA0032C425E3145E00C99247 /* AR */,
				FA0032C325E3144900C99247 /* UIElements */,
				FA0032A525E2BF6B00C99247 /* Annotations */,
				FA10ED0F25BD22C400161290 /* grid.entitlements */,
				FA10ECF225BD212700161290 /* Models */,
				FA2EBEED25BD1112006EF41C /* Utilities */,
				FA2EBECD25BD0F33006EF41C /* Controllers */,
				FABB117125AAC7710087C794 /* Assets.scnassets */,
				FABB115725AAC6050087C794 /* Main.storyboard */,
				FAF80BC925A170480098463A /* AppDelegate.swift */,
				FAF80BD225A1704B0098463A /* Assets.xcassets */,
				FAF80BD425A1704B0098463A /* LaunchScreen.storyboard */,
				FAF80BD725A1704B0098463A /* Info.plist */,
				FA319E4525BCD3BF00D943E1 /* GoogleService-Info.plist */,
			);
			path = grid;
			sourceTree = "<group>";
		};
		FAF80BDF25A1704B0098463A /* gridTests */ = {
			isa = PBXGroup;
			children = (
				FAF80BE025A1704B0098463A /* gridTests.swift */,
				FAF80BE225A1704B0098463A /* Info.plist */,
			);
			path = gridTests;
			sourceTree = "<group>";
		};
		FAF80BEA25A1704C0098463A /* gridUITests */ = {
			isa = PBXGroup;
			children = (
				FAF80BEB25A1704C0098463A /* gridUITests.swift */,
				FAF80BED25A1704C0098463A /* Info.plist */,
			);
			path = gridUITests;
			sourceTree = "<group>";
		};
/* End PBXGroup section */

/* Begin PBXNativeTarget section */
		FAF80BC525A170480098463A /* grid */ = {
			isa = PBXNativeTarget;
			buildConfigurationList = FAF80BF025A1704C0098463A /* Build configuration list for PBXNativeTarget "grid" */;
			buildPhases = (
				477DFC3E25FF47B2E72A4A2E /* [CP] Check Pods Manifest.lock */,
				FAF80BC225A170480098463A /* Sources */,
				FAF80BC325A170480098463A /* Frameworks */,
				FAF80BC425A170480098463A /* Resources */,
				3576C19789F4850D2CA07FE4 /* [CP] Embed Pods Frameworks */,
			);
			buildRules = (
			);
			dependencies = (
			);
			name = grid;
			productName = grid;
			productReference = FAF80BC625A170480098463A /* grid.app */;
			productType = "com.apple.product-type.application";
		};
		FAF80BDB25A1704B0098463A /* gridTests */ = {
			isa = PBXNativeTarget;
			buildConfigurationList = FAF80BF325A1704C0098463A /* Build configuration list for PBXNativeTarget "gridTests" */;
			buildPhases = (
				555E9CD7FDA8E2CC22725703 /* [CP] Check Pods Manifest.lock */,
				FAF80BD825A1704B0098463A /* Sources */,
				FAF80BD925A1704B0098463A /* Frameworks */,
				FAF80BDA25A1704B0098463A /* Resources */,
			);
			buildRules = (
			);
			dependencies = (
				FAF80BDE25A1704B0098463A /* PBXTargetDependency */,
			);
			name = gridTests;
			productName = gridTests;
			productReference = FAF80BDC25A1704B0098463A /* gridTests.xctest */;
			productType = "com.apple.product-type.bundle.unit-test";
		};
		FAF80BE625A1704C0098463A /* gridUITests */ = {
			isa = PBXNativeTarget;
			buildConfigurationList = FAF80BF625A1704C0098463A /* Build configuration list for PBXNativeTarget "gridUITests" */;
			buildPhases = (
				4AA347BA4AC806618FEF422A /* [CP] Check Pods Manifest.lock */,
				FAF80BE325A1704C0098463A /* Sources */,
				FAF80BE425A1704C0098463A /* Frameworks */,
				FAF80BE525A1704C0098463A /* Resources */,
				C20FC0DC7EBC684443540B2D /* [CP] Embed Pods Frameworks */,
			);
			buildRules = (
			);
			dependencies = (
				FAF80BE925A1704C0098463A /* PBXTargetDependency */,
			);
			name = gridUITests;
			productName = gridUITests;
			productReference = FAF80BE725A1704C0098463A /* gridUITests.xctest */;
			productType = "com.apple.product-type.bundle.ui-testing";
		};
/* End PBXNativeTarget section */

/* Begin PBXProject section */
		FAF80BBE25A170480098463A /* Project object */ = {
			isa = PBXProject;
			attributes = {
				LastSwiftUpdateCheck = 1230;
				LastUpgradeCheck = 1230;
				TargetAttributes = {
					FAF80BC525A170480098463A = {
						CreatedOnToolsVersion = 12.3;
					};
					FAF80BDB25A1704B0098463A = {
						CreatedOnToolsVersion = 12.3;
						TestTargetID = FAF80BC525A170480098463A;
					};
					FAF80BE625A1704C0098463A = {
						CreatedOnToolsVersion = 12.3;
						TestTargetID = FAF80BC525A170480098463A;
					};
				};
			};
			buildConfigurationList = FAF80BC125A170480098463A /* Build configuration list for PBXProject "grid" */;
			compatibilityVersion = "Xcode 9.3";
			developmentRegion = en;
			hasScannedForEncodings = 0;
			knownRegions = (
				en,
				Base,
			);
			mainGroup = FAF80BBD25A170480098463A;
			productRefGroup = FAF80BC725A170480098463A /* Products */;
			projectDirPath = "";
			projectRoot = "";
			targets = (
				FAF80BC525A170480098463A /* grid */,
				FAF80BDB25A1704B0098463A /* gridTests */,
				FAF80BE625A1704C0098463A /* gridUITests */,
			);
		};
/* End PBXProject section */

/* Begin PBXResourcesBuildPhase section */
		FAF80BC425A170480098463A /* Resources */ = {
			isa = PBXResourcesBuildPhase;
			buildActionMask = 2147483647;
			files = (
				FABB117225AAC7710087C794 /* Assets.scnassets in Resources */,
				FAF80BD625A1704B0098463A /* LaunchScreen.storyboard in Resources */,
				FA319E4625BCD3BF00D943E1 /* GoogleService-Info.plist in Resources */,
				FAF80BD325A1704B0098463A /* Assets.xcassets in Resources */,
				FABB115925AAC6050087C794 /* Main.storyboard in Resources */,
			);
			runOnlyForDeploymentPostprocessing = 0;
		};
		FAF80BDA25A1704B0098463A /* Resources */ = {
			isa = PBXResourcesBuildPhase;
			buildActionMask = 2147483647;
			files = (
			);
			runOnlyForDeploymentPostprocessing = 0;
		};
		FAF80BE525A1704C0098463A /* Resources */ = {
			isa = PBXResourcesBuildPhase;
			buildActionMask = 2147483647;
			files = (
			);
			runOnlyForDeploymentPostprocessing = 0;
		};
/* End PBXResourcesBuildPhase section */

/* Begin PBXShellScriptBuildPhase section */
		3576C19789F4850D2CA07FE4 /* [CP] Embed Pods Frameworks */ = {
			isa = PBXShellScriptBuildPhase;
			buildActionMask = 2147483647;
			files = (
			);
			inputFileListPaths = (
				"${PODS_ROOT}/Target Support Files/Pods-grid/Pods-grid-frameworks-${CONFIGURATION}-input-files.xcfilelist",
			);
			name = "[CP] Embed Pods Frameworks";
			outputFileListPaths = (
				"${PODS_ROOT}/Target Support Files/Pods-grid/Pods-grid-frameworks-${CONFIGURATION}-output-files.xcfilelist",
			);
			runOnlyForDeploymentPostprocessing = 0;
			shellPath = /bin/sh;
			shellScript = "\"${PODS_ROOT}/Target Support Files/Pods-grid/Pods-grid-frameworks.sh\"\n";
			showEnvVarsInLog = 0;
		};
		477DFC3E25FF47B2E72A4A2E /* [CP] Check Pods Manifest.lock */ = {
			isa = PBXShellScriptBuildPhase;
			buildActionMask = 2147483647;
			files = (
			);
			inputFileListPaths = (
			);
			inputPaths = (
				"${PODS_PODFILE_DIR_PATH}/Podfile.lock",
				"${PODS_ROOT}/Manifest.lock",
			);
			name = "[CP] Check Pods Manifest.lock";
			outputFileListPaths = (
			);
			outputPaths = (
				"$(DERIVED_FILE_DIR)/Pods-grid-checkManifestLockResult.txt",
			);
			runOnlyForDeploymentPostprocessing = 0;
			shellPath = /bin/sh;
			shellScript = "diff \"${PODS_PODFILE_DIR_PATH}/Podfile.lock\" \"${PODS_ROOT}/Manifest.lock\" > /dev/null\nif [ $? != 0 ] ; then\n    # print error to STDERR\n    echo \"error: The sandbox is not in sync with the Podfile.lock. Run 'pod install' or update your CocoaPods installation.\" >&2\n    exit 1\nfi\n# This output is used by Xcode 'outputs' to avoid re-running this script phase.\necho \"SUCCESS\" > \"${SCRIPT_OUTPUT_FILE_0}\"\n";
			showEnvVarsInLog = 0;
		};
		4AA347BA4AC806618FEF422A /* [CP] Check Pods Manifest.lock */ = {
			isa = PBXShellScriptBuildPhase;
			buildActionMask = 2147483647;
			files = (
			);
			inputFileListPaths = (
			);
			inputPaths = (
				"${PODS_PODFILE_DIR_PATH}/Podfile.lock",
				"${PODS_ROOT}/Manifest.lock",
			);
			name = "[CP] Check Pods Manifest.lock";
			outputFileListPaths = (
			);
			outputPaths = (
				"$(DERIVED_FILE_DIR)/Pods-grid-gridUITests-checkManifestLockResult.txt",
			);
			runOnlyForDeploymentPostprocessing = 0;
			shellPath = /bin/sh;
			shellScript = "diff \"${PODS_PODFILE_DIR_PATH}/Podfile.lock\" \"${PODS_ROOT}/Manifest.lock\" > /dev/null\nif [ $? != 0 ] ; then\n    # print error to STDERR\n    echo \"error: The sandbox is not in sync with the Podfile.lock. Run 'pod install' or update your CocoaPods installation.\" >&2\n    exit 1\nfi\n# This output is used by Xcode 'outputs' to avoid re-running this script phase.\necho \"SUCCESS\" > \"${SCRIPT_OUTPUT_FILE_0}\"\n";
			showEnvVarsInLog = 0;
		};
		555E9CD7FDA8E2CC22725703 /* [CP] Check Pods Manifest.lock */ = {
			isa = PBXShellScriptBuildPhase;
			buildActionMask = 2147483647;
			files = (
			);
			inputFileListPaths = (
			);
			inputPaths = (
				"${PODS_PODFILE_DIR_PATH}/Podfile.lock",
				"${PODS_ROOT}/Manifest.lock",
			);
			name = "[CP] Check Pods Manifest.lock";
			outputFileListPaths = (
			);
			outputPaths = (
				"$(DERIVED_FILE_DIR)/Pods-gridTests-checkManifestLockResult.txt",
			);
			runOnlyForDeploymentPostprocessing = 0;
			shellPath = /bin/sh;
			shellScript = "diff \"${PODS_PODFILE_DIR_PATH}/Podfile.lock\" \"${PODS_ROOT}/Manifest.lock\" > /dev/null\nif [ $? != 0 ] ; then\n    # print error to STDERR\n    echo \"error: The sandbox is not in sync with the Podfile.lock. Run 'pod install' or update your CocoaPods installation.\" >&2\n    exit 1\nfi\n# This output is used by Xcode 'outputs' to avoid re-running this script phase.\necho \"SUCCESS\" > \"${SCRIPT_OUTPUT_FILE_0}\"\n";
			showEnvVarsInLog = 0;
		};
		C20FC0DC7EBC684443540B2D /* [CP] Embed Pods Frameworks */ = {
			isa = PBXShellScriptBuildPhase;
			buildActionMask = 2147483647;
			files = (
			);
			inputFileListPaths = (
				"${PODS_ROOT}/Target Support Files/Pods-grid-gridUITests/Pods-grid-gridUITests-frameworks-${CONFIGURATION}-input-files.xcfilelist",
			);
			name = "[CP] Embed Pods Frameworks";
			outputFileListPaths = (
				"${PODS_ROOT}/Target Support Files/Pods-grid-gridUITests/Pods-grid-gridUITests-frameworks-${CONFIGURATION}-output-files.xcfilelist",
			);
			runOnlyForDeploymentPostprocessing = 0;
			shellPath = /bin/sh;
			shellScript = "\"${PODS_ROOT}/Target Support Files/Pods-grid-gridUITests/Pods-grid-gridUITests-frameworks.sh\"\n";
			showEnvVarsInLog = 0;
		};
/* End PBXShellScriptBuildPhase section */

/* Begin PBXSourcesBuildPhase section */
		FAF80BC225A170480098463A /* Sources */ = {
			isa = PBXSourcesBuildPhase;
			buildActionMask = 2147483647;
			files = (
				FABB116A25AAC6EF0087C794 /* ARPathCreatorViewController.swift in Sources */,
				FA0032AA25E2D33D00C99247 /* GeoSiteAnnotation.swift in Sources */,
				FA0032AF25E300ED00C99247 /* AddPathViewController.swift in Sources */,
				FA0032D625E3471E00C99247 /* PathCell.swift in Sources */,
				FA2EBECF25BD0F47006EF41C /* GeoSiteViewController.swift in Sources */,
				FA2EBEEF25BD113E006EF41C /* Utilities.swift in Sources */,
				FABB116025AAC62F0087C794 /* SnapshotAnchor.swift in Sources */,
				FA10ECEE25BD1A8200161290 /* LoginViewController.swift in Sources */,
				FA97062625CF7BF3008DBC72 /* AddGeoSiteViewController.swift in Sources */,
				FA10ECF725BD214200161290 /* User.swift in Sources */,
				FA0032B425E3010600C99247 /* ListPathsViewController.swift in Sources */,
				FAF80BCA25A170480098463A /* AppDelegate.swift in Sources */,
				FABB116225AAC62F0087C794 /* ARUtilities.swift in Sources */,
				FABB116125AAC62F0087C794 /* RoundedButton.swift in Sources */,
				FA0032D125E3387A00C99247 /* Path.swift in Sources */,
				FA97062B25CF9440008DBC72 /* GeoSite.swift in Sources */,
			);
			runOnlyForDeploymentPostprocessing = 0;
		};
		FAF80BD825A1704B0098463A /* Sources */ = {
			isa = PBXSourcesBuildPhase;
			buildActionMask = 2147483647;
			files = (
				FAF80BE125A1704B0098463A /* gridTests.swift in Sources */,
			);
			runOnlyForDeploymentPostprocessing = 0;
		};
		FAF80BE325A1704C0098463A /* Sources */ = {
			isa = PBXSourcesBuildPhase;
			buildActionMask = 2147483647;
			files = (
				FAF80BEC25A1704C0098463A /* gridUITests.swift in Sources */,
			);
			runOnlyForDeploymentPostprocessing = 0;
		};
/* End PBXSourcesBuildPhase section */

/* Begin PBXTargetDependency section */
		FAF80BDE25A1704B0098463A /* PBXTargetDependency */ = {
			isa = PBXTargetDependency;
			target = FAF80BC525A170480098463A /* grid */;
			targetProxy = FAF80BDD25A1704B0098463A /* PBXContainerItemProxy */;
		};
		FAF80BE925A1704C0098463A /* PBXTargetDependency */ = {
			isa = PBXTargetDependency;
			target = FAF80BC525A170480098463A /* grid */;
			targetProxy = FAF80BE825A1704C0098463A /* PBXContainerItemProxy */;
		};
/* End PBXTargetDependency section */

/* Begin PBXVariantGroup section */
		FAF80BD425A1704B0098463A /* LaunchScreen.storyboard */ = {
			isa = PBXVariantGroup;
			children = (
				FAF80BD525A1704B0098463A /* Base */,
			);
			name = LaunchScreen.storyboard;
			sourceTree = "<group>";
		};
/* End PBXVariantGroup section */

/* Begin XCBuildConfiguration section */
		FAF80BEE25A1704C0098463A /* Debug */ = {
			isa = XCBuildConfiguration;
			buildSettings = {
				ALWAYS_SEARCH_USER_PATHS = NO;
				CLANG_ANALYZER_NONNULL = YES;
				CLANG_ANALYZER_NUMBER_OBJECT_CONVERSION = YES_AGGRESSIVE;
				CLANG_CXX_LANGUAGE_STANDARD = "gnu++14";
				CLANG_CXX_LIBRARY = "libc++";
				CLANG_ENABLE_MODULES = YES;
				CLANG_ENABLE_OBJC_ARC = YES;
				CLANG_ENABLE_OBJC_WEAK = YES;
				CLANG_WARN_BLOCK_CAPTURE_AUTORELEASING = YES;
				CLANG_WARN_BOOL_CONVERSION = YES;
				CLANG_WARN_COMMA = YES;
				CLANG_WARN_CONSTANT_CONVERSION = YES;
				CLANG_WARN_DEPRECATED_OBJC_IMPLEMENTATIONS = YES;
				CLANG_WARN_DIRECT_OBJC_ISA_USAGE = YES_ERROR;
				CLANG_WARN_DOCUMENTATION_COMMENTS = YES;
				CLANG_WARN_EMPTY_BODY = YES;
				CLANG_WARN_ENUM_CONVERSION = YES;
				CLANG_WARN_INFINITE_RECURSION = YES;
				CLANG_WARN_INT_CONVERSION = YES;
				CLANG_WARN_NON_LITERAL_NULL_CONVERSION = YES;
				CLANG_WARN_OBJC_IMPLICIT_RETAIN_SELF = YES;
				CLANG_WARN_OBJC_LITERAL_CONVERSION = YES;
				CLANG_WARN_OBJC_ROOT_CLASS = YES_ERROR;
				CLANG_WARN_QUOTED_INCLUDE_IN_FRAMEWORK_HEADER = YES;
				CLANG_WARN_RANGE_LOOP_ANALYSIS = YES;
				CLANG_WARN_STRICT_PROTOTYPES = YES;
				CLANG_WARN_SUSPICIOUS_MOVE = YES;
				CLANG_WARN_UNGUARDED_AVAILABILITY = YES_AGGRESSIVE;
				CLANG_WARN_UNREACHABLE_CODE = YES;
				CLANG_WARN__DUPLICATE_METHOD_MATCH = YES;
				COPY_PHASE_STRIP = NO;
				DEBUG_INFORMATION_FORMAT = dwarf;
				ENABLE_STRICT_OBJC_MSGSEND = YES;
				ENABLE_TESTABILITY = YES;
				GCC_C_LANGUAGE_STANDARD = gnu11;
				GCC_DYNAMIC_NO_PIC = NO;
				GCC_NO_COMMON_BLOCKS = YES;
				GCC_OPTIMIZATION_LEVEL = 0;
				GCC_PREPROCESSOR_DEFINITIONS = (
					"DEBUG=1",
					"$(inherited)",
				);
				GCC_WARN_64_TO_32_BIT_CONVERSION = YES;
				GCC_WARN_ABOUT_RETURN_TYPE = YES_ERROR;
				GCC_WARN_UNDECLARED_SELECTOR = YES;
				GCC_WARN_UNINITIALIZED_AUTOS = YES_AGGRESSIVE;
				GCC_WARN_UNUSED_FUNCTION = YES;
				GCC_WARN_UNUSED_VARIABLE = YES;
				IPHONEOS_DEPLOYMENT_TARGET = 14.3;
				MTL_ENABLE_DEBUG_INFO = INCLUDE_SOURCE;
				MTL_FAST_MATH = YES;
				ONLY_ACTIVE_ARCH = YES;
				SDKROOT = iphoneos;
				SWIFT_ACTIVE_COMPILATION_CONDITIONS = DEBUG;
				SWIFT_OPTIMIZATION_LEVEL = "-Onone";
			};
			name = Debug;
		};
		FAF80BEF25A1704C0098463A /* Release */ = {
			isa = XCBuildConfiguration;
			buildSettings = {
				ALWAYS_SEARCH_USER_PATHS = NO;
				CLANG_ANALYZER_NONNULL = YES;
				CLANG_ANALYZER_NUMBER_OBJECT_CONVERSION = YES_AGGRESSIVE;
				CLANG_CXX_LANGUAGE_STANDARD = "gnu++14";
				CLANG_CXX_LIBRARY = "libc++";
				CLANG_ENABLE_MODULES = YES;
				CLANG_ENABLE_OBJC_ARC = YES;
				CLANG_ENABLE_OBJC_WEAK = YES;
				CLANG_WARN_BLOCK_CAPTURE_AUTORELEASING = YES;
				CLANG_WARN_BOOL_CONVERSION = YES;
				CLANG_WARN_COMMA = YES;
				CLANG_WARN_CONSTANT_CONVERSION = YES;
				CLANG_WARN_DEPRECATED_OBJC_IMPLEMENTATIONS = YES;
				CLANG_WARN_DIRECT_OBJC_ISA_USAGE = YES_ERROR;
				CLANG_WARN_DOCUMENTATION_COMMENTS = YES;
				CLANG_WARN_EMPTY_BODY = YES;
				CLANG_WARN_ENUM_CONVERSION = YES;
				CLANG_WARN_INFINITE_RECURSION = YES;
				CLANG_WARN_INT_CONVERSION = YES;
				CLANG_WARN_NON_LITERAL_NULL_CONVERSION = YES;
				CLANG_WARN_OBJC_IMPLICIT_RETAIN_SELF = YES;
				CLANG_WARN_OBJC_LITERAL_CONVERSION = YES;
				CLANG_WARN_OBJC_ROOT_CLASS = YES_ERROR;
				CLANG_WARN_QUOTED_INCLUDE_IN_FRAMEWORK_HEADER = YES;
				CLANG_WARN_RANGE_LOOP_ANALYSIS = YES;
				CLANG_WARN_STRICT_PROTOTYPES = YES;
				CLANG_WARN_SUSPICIOUS_MOVE = YES;
				CLANG_WARN_UNGUARDED_AVAILABILITY = YES_AGGRESSIVE;
				CLANG_WARN_UNREACHABLE_CODE = YES;
				CLANG_WARN__DUPLICATE_METHOD_MATCH = YES;
				COPY_PHASE_STRIP = NO;
				DEBUG_INFORMATION_FORMAT = "dwarf-with-dsym";
				ENABLE_NS_ASSERTIONS = NO;
				ENABLE_STRICT_OBJC_MSGSEND = YES;
				GCC_C_LANGUAGE_STANDARD = gnu11;
				GCC_NO_COMMON_BLOCKS = YES;
				GCC_WARN_64_TO_32_BIT_CONVERSION = YES;
				GCC_WARN_ABOUT_RETURN_TYPE = YES_ERROR;
				GCC_WARN_UNDECLARED_SELECTOR = YES;
				GCC_WARN_UNINITIALIZED_AUTOS = YES_AGGRESSIVE;
				GCC_WARN_UNUSED_FUNCTION = YES;
				GCC_WARN_UNUSED_VARIABLE = YES;
				IPHONEOS_DEPLOYMENT_TARGET = 14.3;
				MTL_ENABLE_DEBUG_INFO = NO;
				MTL_FAST_MATH = YES;
				SDKROOT = iphoneos;
				SWIFT_COMPILATION_MODE = wholemodule;
				SWIFT_OPTIMIZATION_LEVEL = "-O";
				VALIDATE_PRODUCT = YES;
			};
			name = Release;
		};
		FAF80BF125A1704C0098463A /* Debug */ = {
			isa = XCBuildConfiguration;
			baseConfigurationReference = E82D4B4EE2D9D4B2DE8085FF /* Pods-grid.debug.xcconfig */;
			buildSettings = {
				ASSETCATALOG_COMPILER_APPICON_NAME = AppIcon;
				ASSETCATALOG_COMPILER_GLOBAL_ACCENT_COLOR_NAME = AccentColor;
				CODE_SIGN_ENTITLEMENTS = grid/grid.entitlements;
				CODE_SIGN_STYLE = Automatic;
				DEVELOPMENT_TEAM = Z44X3H583V;
				INFOPLIST_FILE = grid/Info.plist;
				IPHONEOS_DEPLOYMENT_TARGET = 12.0;
				LD_RUNPATH_SEARCH_PATHS = (
					"$(inherited)",
					"@executable_path/Frameworks",
				);
				PRODUCT_BUNDLE_IDENTIFIER = com.synducer.grid;
				PRODUCT_NAME = "$(TARGET_NAME)";
				SWIFT_VERSION = 5.0;
				TARGETED_DEVICE_FAMILY = "1,2";
			};
			name = Debug;
		};
		FAF80BF225A1704C0098463A /* Release */ = {
			isa = XCBuildConfiguration;
			baseConfigurationReference = 2036A7C8696F0EB95449F498 /* Pods-grid.release.xcconfig */;
			buildSettings = {
				ASSETCATALOG_COMPILER_APPICON_NAME = AppIcon;
				ASSETCATALOG_COMPILER_GLOBAL_ACCENT_COLOR_NAME = AccentColor;
				CODE_SIGN_ENTITLEMENTS = grid/grid.entitlements;
				CODE_SIGN_STYLE = Automatic;
				DEVELOPMENT_TEAM = Z44X3H583V;
				INFOPLIST_FILE = grid/Info.plist;
				IPHONEOS_DEPLOYMENT_TARGET = 12.0;
				LD_RUNPATH_SEARCH_PATHS = (
					"$(inherited)",
					"@executable_path/Frameworks",
				);
				PRODUCT_BUNDLE_IDENTIFIER = com.synducer.grid;
				PRODUCT_NAME = "$(TARGET_NAME)";
				SWIFT_VERSION = 5.0;
				TARGETED_DEVICE_FAMILY = "1,2";
			};
			name = Release;
		};
		FAF80BF425A1704C0098463A /* Debug */ = {
			isa = XCBuildConfiguration;
			baseConfigurationReference = 0F27418C98595B82AAEEB50D /* Pods-gridTests.debug.xcconfig */;
			buildSettings = {
				ALWAYS_EMBED_SWIFT_STANDARD_LIBRARIES = YES;
				BUNDLE_LOADER = "$(TEST_HOST)";
				CODE_SIGN_STYLE = Automatic;
				DEVELOPMENT_TEAM = GA978N825M;
				INFOPLIST_FILE = gridTests/Info.plist;
				IPHONEOS_DEPLOYMENT_TARGET = 14.3;
				LD_RUNPATH_SEARCH_PATHS = (
					"$(inherited)",
					"@executable_path/Frameworks",
					"@loader_path/Frameworks",
				);
				PRODUCT_BUNDLE_IDENTIFIER = com.konradgnat.gridTests;
				PRODUCT_NAME = "$(TARGET_NAME)";
				SWIFT_VERSION = 5.0;
				TARGETED_DEVICE_FAMILY = "1,2";
				TEST_HOST = "$(BUILT_PRODUCTS_DIR)/grid.app/grid";
			};
			name = Debug;
		};
		FAF80BF525A1704C0098463A /* Release */ = {
			isa = XCBuildConfiguration;
			baseConfigurationReference = ABFCC5D7BD65764BBCE06EF2 /* Pods-gridTests.release.xcconfig */;
			buildSettings = {
				ALWAYS_EMBED_SWIFT_STANDARD_LIBRARIES = YES;
				BUNDLE_LOADER = "$(TEST_HOST)";
				CODE_SIGN_STYLE = Automatic;
				DEVELOPMENT_TEAM = GA978N825M;
				INFOPLIST_FILE = gridTests/Info.plist;
				IPHONEOS_DEPLOYMENT_TARGET = 14.3;
				LD_RUNPATH_SEARCH_PATHS = (
					"$(inherited)",
					"@executable_path/Frameworks",
					"@loader_path/Frameworks",
				);
				PRODUCT_BUNDLE_IDENTIFIER = com.konradgnat.gridTests;
				PRODUCT_NAME = "$(TARGET_NAME)";
				SWIFT_VERSION = 5.0;
				TARGETED_DEVICE_FAMILY = "1,2";
				TEST_HOST = "$(BUILT_PRODUCTS_DIR)/grid.app/grid";
			};
			name = Release;
		};
		FAF80BF725A1704C0098463A /* Debug */ = {
			isa = XCBuildConfiguration;
			baseConfigurationReference = F764D680C9BCCCDA56C11D62 /* Pods-grid-gridUITests.debug.xcconfig */;
			buildSettings = {
				ALWAYS_EMBED_SWIFT_STANDARD_LIBRARIES = YES;
				CODE_SIGN_STYLE = Automatic;
				DEVELOPMENT_TEAM = GA978N825M;
				INFOPLIST_FILE = gridUITests/Info.plist;
				LD_RUNPATH_SEARCH_PATHS = (
					"$(inherited)",
					"@executable_path/Frameworks",
					"@loader_path/Frameworks",
				);
				PRODUCT_BUNDLE_IDENTIFIER = com.konradgnat.gridUITests;
				PRODUCT_NAME = "$(TARGET_NAME)";
				SWIFT_VERSION = 5.0;
				TARGETED_DEVICE_FAMILY = "1,2";
				TEST_TARGET_NAME = grid;
			};
			name = Debug;
		};
		FAF80BF825A1704C0098463A /* Release */ = {
			isa = XCBuildConfiguration;
			baseConfigurationReference = 34DCA519BDCAB0ECEB8CBE96 /* Pods-grid-gridUITests.release.xcconfig */;
			buildSettings = {
				ALWAYS_EMBED_SWIFT_STANDARD_LIBRARIES = YES;
				CODE_SIGN_STYLE = Automatic;
				DEVELOPMENT_TEAM = GA978N825M;
				INFOPLIST_FILE = gridUITests/Info.plist;
				LD_RUNPATH_SEARCH_PATHS = (
					"$(inherited)",
					"@executable_path/Frameworks",
					"@loader_path/Frameworks",
				);
				PRODUCT_BUNDLE_IDENTIFIER = com.konradgnat.gridUITests;
				PRODUCT_NAME = "$(TARGET_NAME)";
				SWIFT_VERSION = 5.0;
				TARGETED_DEVICE_FAMILY = "1,2";
				TEST_TARGET_NAME = grid;
			};
			name = Release;
		};
/* End XCBuildConfiguration section */

/* Begin XCConfigurationList section */
		FAF80BC125A170480098463A /* Build configuration list for PBXProject "grid" */ = {
			isa = XCConfigurationList;
			buildConfigurations = (
				FAF80BEE25A1704C0098463A /* Debug */,
				FAF80BEF25A1704C0098463A /* Release */,
			);
			defaultConfigurationIsVisible = 0;
			defaultConfigurationName = Release;
		};
		FAF80BF025A1704C0098463A /* Build configuration list for PBXNativeTarget "grid" */ = {
			isa = XCConfigurationList;
			buildConfigurations = (
				FAF80BF125A1704C0098463A /* Debug */,
				FAF80BF225A1704C0098463A /* Release */,
			);
			defaultConfigurationIsVisible = 0;
			defaultConfigurationName = Release;
		};
		FAF80BF325A1704C0098463A /* Build configuration list for PBXNativeTarget "gridTests" */ = {
			isa = XCConfigurationList;
			buildConfigurations = (
				FAF80BF425A1704C0098463A /* Debug */,
				FAF80BF525A1704C0098463A /* Release */,
			);
			defaultConfigurationIsVisible = 0;
			defaultConfigurationName = Release;
		};
		FAF80BF625A1704C0098463A /* Build configuration list for PBXNativeTarget "gridUITests" */ = {
			isa = XCConfigurationList;
			buildConfigurations = (
				FAF80BF725A1704C0098463A /* Debug */,
				FAF80BF825A1704C0098463A /* Release */,
			);
			defaultConfigurationIsVisible = 0;
			defaultConfigurationName = Release;
		};
/* End XCConfigurationList section */
	};
	rootObject = FAF80BBE25A170480098463A /* Project object */;
}
